
Microsoft Visual Studio Solution File, Format Version 11.00
# Visual Studio 2010
Project("{FAE04EC0-301F-11D3-BF4B-00C04F79EFBC}") = "Assembly-CSharp", "Assembly-CSharp.csproj", "{edb60178-9ef5-0de4-f22a-afbcf46b6c3d}"
EndProject
Global
	GlobalSection(SolutionConfigurationPlatforms) = preSolution
		Debug|Any CPU = Debug|Any CPU
		Release|Any CPU = Release|Any CPU
	EndGlobalSection
	GlobalSection(ProjectConfigurationPlatforms) = postSolution
		{edb60178-9ef5-0de4-f22a-afbcf46b6c3d}.Debug|Any CPU.ActiveCfg = Debug|Any CPU
		{edb60178-9ef5-0de4-f22a-afbcf46b6c3d}.Debug|Any CPU.Build.0 = Debug|Any CPU
		{edb60178-9ef5-0de4-f22a-afbcf46b6c3d}.Release|Any CPU.ActiveCfg = Release|Any CPU
		{edb60178-9ef5-0de4-f22a-afbcf46b6c3d}.Release|Any CPU.Build.0 = Release|Any CPU
	EndGlobalSection
	GlobalSection(SolutionProperties) = preSolution
		HideSolutionNode = FALSE
	EndGlobalSection
EndGlobal
